PODS:
  - HDRosaryTimeline (0.1.0)
  - Quick (1.2.0)

DEPENDENCIES:
  - HDRosaryTimeline (from `../`)
  - Quick (~> 1.2.0)

EXTERNAL SOURCES:
  HDRosaryTimeline:
    :path: ../

SPEC CHECKSUMS:
  HDRosaryTimeline: 365d8bba4b3beff128d2136f2f1b11f3f623cff9
  Quick: 58d203b1c5e27fff7229c4c1ae445ad7069a7a08

PODFILE CHECKSUM: 5b53bd8dcb59eb0b21eec32f2ec9b7da72913a20

COCOAPODS: 1.3.1
